Microsoft Visual Studio Solution File, Format Version 12.00
# Visual Studio 2012
Project("{FAE04EC0-301F-11D3-BF4B-00C04F79EFBC}") = "Shuuut", "Shuuut.csproj", "{8CC2E272-8516-43F1-8915-01B1D4A3324C}"
EndProject
Global
	GlobalSection(SolutionConfigurationPlatforms) = preSolution
	Debug|Any CPU = Debug|Any CPU
	ExportDebug|Any CPU = ExportDebug|Any CPU
	ExportRelease|Any CPU = ExportRelease|Any CPU
	EndGlobalSection
	GlobalSection(ProjectConfigurationPlatforms) = postSolution
		{8CC2E272-8516-43F1-8915-01B1D4A3324C}.Debug|Any CPU.ActiveCfg = Debug|Any CPU
		{8CC2E272-8516-43F1-8915-01B1D4A3324C}.Debug|Any CPU.Build.0 = Debug|Any CPU
		{8CC2E272-8516-43F1-8915-01B1D4A3324C}.ExportDebug|Any CPU.ActiveCfg = ExportDebug|Any CPU
		{8CC2E272-8516-43F1-8915-01B1D4A3324C}.ExportDebug|Any CPU.Build.0 = ExportDebug|Any CPU
		{8CC2E272-8516-43F1-8915-01B1D4A3324C}.ExportRelease|Any CPU.ActiveCfg = ExportRelease|Any CPU
		{8CC2E272-8516-43F1-8915-01B1D4A3324C}.ExportRelease|Any CPU.Build.0 = ExportRelease|Any CPU
	EndGlobalSection
EndGlobal
